// !$*UTF8*$!
{
	archiveVersion = 1;
	classes = {
	};
	objectVersion = 46;
	objects = {

/* Begin PBXBuildFile section */
		142ACD631FAAA64A00397597 /* AppDelegate.swift in Sources */ = {isa = PBXBuildFile; fileRef = 142ACD621FAAA64A00397597 /* AppDelegate.swift */; };
		142ACD681FAAA64A00397597 /* Main.storyboard in Resources */ = {isa = PBXBuildFile; fileRef = 142ACD661FAAA64A00397597 /* Main.storyboard */; };
		142ACD6A1FAAA64A00397597 /* Assets.xcassets in Resources */ = {isa = PBXBuildFile; fileRef = 142ACD691FAAA64A00397597 /* Assets.xcassets */; };
		142ACD6D1FAAA64A00397597 /* LaunchScreen.storyboard in Resources */ = {isa = PBXBuildFile; fileRef = 142ACD6B1FAAA64A00397597 /* LaunchScreen.storyboard */; };
		142ACD781FAAA64A00397597 /* busanFFTests.swift in Sources */ = {isa = PBXBuildFile; fileRef = 142ACD771FAAA64A00397597 /* busanFFTests.swift */; };
		142ACD831FAAA64A00397597 /* busanFFUITests.swift in Sources */ = {isa = PBXBuildFile; fileRef = 142ACD821FAAA64A00397597 /* busanFFUITests.swift */; };
		142ACD911FAAA95900397597 /* MainView.swift in Sources */ = {isa = PBXBuildFile; fileRef = 142ACD901FAAA95900397597 /* MainView.swift */; };
/* End PBXBuildFile section */

/* Begin PBXContainerItemProxy section */
		142ACD741FAAA64A00397597 /* PBXContainerItemProxy */ = {
			isa = PBXContainerItemProxy;
			containerPortal = 142ACD571FAAA64A00397597 /* Project object */;
			proxyType = 1;
			remoteGlobalIDString = 142ACD5E1FAAA64A00397597;
			remoteInfo = busanFF;
		};
		142ACD7F1FAAA64A00397597 /* PBXContainerItemProxy */ = {
			isa = PBXContainerItemProxy;
			containerPortal = 142ACD571FAAA64A00397597 /* Project object */;
			proxyType = 1;
			remoteGlobalIDString = 142ACD5E1FAAA64A00397597;
			remoteInfo = busanFF;
		};
/* End PBXContainerItemProxy section */

/* Begin PBXFileReference section */
		142ACD5F1FAAA64A00397597 /* busanFF.app */ = {isa = PBXFileReference; explicitFileType = wrapper.application; includeInIndex = 0; path = busanFF.app; sourceTree = BUILT_PRODUCTS_DIR; };
		142ACD621FAAA64A00397597 /* AppDelegate.swift */ = {isa = PBXFileReference; lastKnownFileType = sourcecode.swift; path = AppDelegate.swift; sourceTree = "<group>"; };
		142ACD671FAAA64A00397597 /* Base */ = {isa = PBXFileReference; lastKnownFileType = file.storyboard; name = Base; path = Base.lproj/Main.storyboard; sourceTree = "<group>"; };
		142ACD691FAAA64A00397597 /* Assets.xcassets */ = {isa = PBXFileReference; lastKnownFileType = folder.assetcatalog; path = Assets.xcassets; sourceTree = "<group>"; };
		142ACD6C1FAAA64A00397597 /* Base */ = {isa = PBXFileReference; lastKnownFileType = file.storyboard; name = Base; path = Base.lproj/LaunchScreen.storyboard; sourceTree = "<group>"; };
		142ACD6E1FAAA64A00397597 /* Info.plist */ = {isa = PBXFileReference; lastKnownFileType = text.plist.xml; path = Info.plist; sourceTree = "<group>"; };
		142ACD731FAAA64A00397597 /* busanFFTests.xctest */ = {isa = PBXFileReference; explicitFileType = wrapper.cfbundle; includeInIndex = 0; path = busanFFTests.xctest; sourceTree = BUILT_PRODUCTS_DIR; };
		142ACD771FAAA64A00397597 /* busanFFTests.swift */ = {isa = PBXFileReference; lastKnownFileType = sourcecode.swift; path = busanFFTests.swift; sourceTree = "<group>"; };
		142ACD791FAAA64A00397597 /* Info.plist */ = {isa = PBXFileReference; lastKnownFileType = text.plist.xml; path = Info.plist; sourceTree = "<group>"; };
		142ACD7E1FAAA64A00397597 /* busanFFUITests.xctest */ = {isa = PBXFileReference; explicitFileType = wrapper.cfbundle; includeInIndex = 0; path = busanFFUITests.xctest; sourceTree = BUILT_PRODUCTS_DIR; };
		142ACD821FAAA64A00397597 /* busanFFUITests.swift */ = {isa = PBXFileReference; lastKnownFileType = sourcecode.swift; path = busanFFUITests.swift; sourceTree = "<group>"; };
		142ACD841FAAA64A00397597 /* Info.plist */ = {isa = PBXFileReference; lastKnownFileType = text.plist.xml; path = Info.plist; sourceTree = "<group>"; };
		142ACD901FAAA95900397597 /* MainView.swift */ = {isa = PBXFileReference; fileEncoding = 4; lastKnownFileType = sourcecode.swift; path = MainView.swift; sourceTree = "<group>"; };
/* End PBXFileReference section */

/* Begin PBXFrameworksBuildPhase section */
		142ACD5C1FAAA64A00397597 /* Frameworks */ = {
			isa = PBXFrameworksBuildPhase;
			buildActionMask = 2147483647;
			files = (
			);
			runOnlyForDeploymentPostprocessing = 0;
		};
		142ACD701FAAA64A00397597 /* Frameworks */ = {
			isa = PBXFrameworksBuildPhase;
			buildActionMask = 2147483647;
			files = (
			);
			runOnlyForDeploymentPostprocessing = 0;
		};
		142ACD7B1FAAA64A00397597 /* Frameworks */ = {
			isa = PBXFrameworksBuildPhase;
			buildActionMask = 2147483647;
			files = (
			);
			runOnlyForDeploymentPostprocessing = 0;
		};
/* End PBXFrameworksBuildPhase section */

/* Begin PBXGroup section */
		142ACD561FAAA64A00397597 = {
			isa = PBXGroup;
			children = (
				142ACD611FAAA64A00397597 /* busanFF */,
				142ACD761FAAA64A00397597 /* busanFFTests */,
				142ACD811FAAA64A00397597 /* busanFFUITests */,
				142ACD601FAAA64A00397597 /* Products */,
			);
			sourceTree = "<group>";
		};
		142ACD601FAAA64A00397597 /* Products */ = {
			isa = PBXGroup;
			children = (
				142ACD5F1FAAA64A00397597 /* busanFF.app */,
				142ACD731FAAA64A00397597 /* busanFFTests.xctest */,
				142ACD7E1FAAA64A00397597 /* busanFFUITests.xctest */,
			);
			name = Products;
			sourceTree = "<group>";
		};
		142ACD611FAAA64A00397597 /* busanFF */ = {
			isa = PBXGroup;
			children = (
				142ACD621FAAA64A00397597 /* AppDelegate.swift */,
				142ACD661FAAA64A00397597 /* Main.storyboard */,
				142ACD691FAAA64A00397597 /* Assets.xcassets */,
				142ACD6B1FAAA64A00397597 /* LaunchScreen.storyboard */,
				142ACD6E1FAAA64A00397597 /* Info.plist */,
				142ACD901FAAA95900397597 /* MainView.swift */,
			);
			path = busanFF;
			sourceTree = "<group>";
		};
		142ACD761FAAA64A00397597 /* busanFFTests */ = {
			isa = PBXGroup;
			children = (
				142ACD771FAAA64A00397597 /* busanFFTests.swift */,
				142ACD791FAAA64A00397597 /* Info.plist */,
			);
			path = busanFFTests;
			sourceTree = "<group>";
		};
		142ACD811FAAA64A00397597 /* busanFFUITests */ = {
			isa = PBXGroup;
			children = (
				142ACD821FAAA64A00397597 /* busanFFUITests.swift */,
				142ACD841FAAA64A00397597 /* Info.plist */,
			);
			path = busanFFUITests;
			sourceTree = "<group>";
		};
/* End PBXGroup section */

/* Begin PBXNativeTarget section */
		142ACD5E1FAAA64A00397597 /* busanFF */ = {
			isa = PBXNativeTarget;
			buildConfigurationList = 142ACD871FAAA64A00397597 /* Build configuration list for PBXNativeTarget "busanFF" */;
			buildPhases = (
				142ACD5B1FAAA64A00397597 /* Sources */,
				142ACD5C1FAAA64A00397597 /* Frameworks */,
				142ACD5D1FAAA64A00397597 /* Resources */,
			);
			buildRules = (
			);
			dependencies = (
			);
			name = busanFF;
			productName = busanFF;
			productReference = 142ACD5F1FAAA64A00397597 /* busanFF.app */;
			productType = "com.apple.product-type.application";
		};
		142ACD721FAAA64A00397597 /* busanFFTests */ = {
			isa = PBXNativeTarget;
			buildConfigurationList = 142ACD8A1FAAA64A00397597 /* Build configuration list for PBXNativeTarget "busanFFTests" */;
			buildPhases = (
				142ACD6F1FAAA64A00397597 /* Sources */,
				142ACD701FAAA64A00397597 /* Frameworks */,
				142ACD711FAAA64A00397597 /* Resources */,
			);
			buildRules = (
			);
			dependencies = (
				142ACD751FAAA64A00397597 /* PBXTargetDependency */,
			);
			name = busanFFTests;
			productName = busanFFTests;
			productReference = 142ACD731FAAA64A00397597 /* busanFFTests.xctest */;
			productType = "com.apple.product-type.bundle.unit-test";
		};
		142ACD7D1FAAA64A00397597 /* busanFFUITests */ = {
			isa = PBXNativeTarget;
			buildConfigurationList = 142ACD8D1FAAA64A00397597 /* Build configuration list for PBXNativeTarget "busanFFUITests" */;
			buildPhases = (
				142ACD7A1FAAA64A00397597 /* Sources */,
				142ACD7B1FAAA64A00397597 /* Frameworks */,
				142ACD7C1FAAA64A00397597 /* Resources */,
			);
			buildRules = (
			);
			dependencies = (
				142ACD801FAAA64A00397597 /* PBXTargetDependency */,
			);
			name = busanFFUITests;
			productName = busanFFUITests;
			productReference = 142ACD7E1FAAA64A00397597 /* busanFFUITests.xctest */;
			productType = "com.apple.product-type.bundle.ui-testing";
		};
/* End PBXNativeTarget section */

/* Begin PBXProject section */
		142ACD571FAAA64A00397597 /* Project object */ = {
			isa = PBXProject;
			attributes = {
				LastSwiftUpdateCheck = 0830;
				LastUpgradeCheck = 0830;
				ORGANIZATIONNAME = D7702_10;
				TargetAttributes = {
					142ACD5E1FAAA64A00397597 = {
						CreatedOnToolsVersion = 8.3.3;
						ProvisioningStyle = Automatic;
					};
					142ACD721FAAA64A00397597 = {
						CreatedOnToolsVersion = 8.3.3;
						ProvisioningStyle = Automatic;
						TestTargetID = 142ACD5E1FAAA64A00397597;
					};
					142ACD7D1FAAA64A00397597 = {
						CreatedOnToolsVersion = 8.3.3;
						ProvisioningStyle = Automatic;
						TestTargetID = 142ACD5E1FAAA64A00397597;
					};
				};
			};
			buildConfigurationList = 142ACD5A1FAAA64A00397597 /* Build configuration list for PBXProject "busanFF" */;
			compatibilityVersion = "Xcode 3.2";
			developmentRegion = English;
			hasScannedForEncodings = 0;
			knownRegions = (
				en,
				Base,
			);
			mainGroup = 142ACD561FAAA64A00397597;
			productRefGroup = 142ACD601FAAA64A00397597 /* Products */;
			projectDirPath = "";
			projectRoot = "";
			targets = (
				142ACD5E1FAAA64A00397597 /* busanFF */,
				142ACD721FAAA64A00397597 /* busanFFTests */,
				142ACD7D1FAAA64A00397597 /* busanFFUITests */,
			);
		};
/* End PBXProject section */

/* Begin PBXResourcesBuildPhase section */
		142ACD5D1FAAA64A00397597 /* Resources */ = {
			isa = PBXResourcesBuildPhase;
			buildActionMask = 2147483647;
			files = (
				142ACD6D1FAAA64A00397597 /* LaunchScreen.storyboard in Resources */,
				142ACD6A1FAAA64A00397597 /* Assets.xcassets in Resources */,
				142ACD681FAAA64A00397597 /* Main.storyboard in Resources */,
			);
			runOnlyForDeploymentPostprocessing = 0;
		};
		142ACD711FAAA64A00397597 /* Resources */ = {
			isa = PBXResourcesBuildPhase;
			buildActionMask = 2147483647;
			files = (
			);
			runOnlyForDeploymentPostprocessing = 0;
		};
		142ACD7C1FAAA64A00397597 /* Resources */ = {
			isa = PBXResourcesBuildPhase;
			buildActionMask = 2147483647;
			files = (
			);
			runOnlyForDeploymentPostprocessing = 0;
		};
/* End PBXResourcesBuildPhase section */

/* Begin PBXSourcesBuildPhase section */
		142ACD5B1FAAA64A00397597 /* Sources */ = {
			isa = PBXSourcesBuildPhase;
			buildActionMask = 2147483647;
			files = (
				142ACD911FAAA95900397597 /* MainView.swift in Sources */,
				142ACD631FAAA64A00397597 /* AppDelegate.swift in Sources */,
			);
			runOnlyForDeploymentPostprocessing = 0;
		};
		142ACD6F1FAAA64A00397597 /* Sources */ = {
			isa = PBXSourcesBuildPhase;
			buildActionMask = 2147483647;
			files = (
				142ACD781FAAA64A00397597 /* busanFFTests.swift in Sources */,
			);
			runOnlyForDeploymentPostprocessing = 0;
		};
		142ACD7A1FAAA64A00397597 /* Sources */ = {
			isa = PBXSourcesBuildPhase;
			buildActionMask = 2147483647;
			files = (
				142ACD831FAAA64A00397597 /* busanFFUITests.swift in Sources */,
			);
			runOnlyForDeploymentPostprocessing = 0;
		};
/* End PBXSourcesBuildPhase section */

/* Begin PBXTargetDependency section */
		142ACD751FAAA64A00397597 /* PBXTargetDependency */ = {
			isa = PBXTargetDependency;
			target = 142ACD5E1FAAA64A00397597 /* busanFF */;
			targetProxy = 142ACD741FAAA64A00397597 /* PBXContainerItemProxy */;
		};
		142ACD801FAAA64A00397597 /* PBXTargetDependency */ = {
			isa = PBXTargetDependency;
			target = 142ACD5E1FAAA64A00397597 /* busanFF */;
			targetProxy = 142ACD7F1FAAA64A00397597 /* PBXContainerItemProxy */;
		};
/* End PBXTargetDependency section */

/* Begin PBXVariantGroup section */
		142ACD661FAAA64A00397597 /* Main.storyboard */ = {
			isa = PBXVariantGroup;
			children = (
				142ACD671FAAA64A00397597 /* Base */,
			);
			name = Main.storyboard;
			sourceTree = "<group>";
		};
		142ACD6B1FAAA64A00397597 /* LaunchScreen.storyboard */ = {
			isa = PBXVariantGroup;
			children = (
				142ACD6C1FAAA64A00397597 /* Base */,
			);
			name = LaunchScreen.storyboard;
			sourceTree = "<group>";
		};
/* End PBXVariantGroup section */

/* Begin XCBuildConfiguration section */
		142ACD851FAAA64A00397597 /* Debug */ = {
			isa = XCBuildConfiguration;
			buildSettings = {
				ALWAYS_SEARCH_USER_PATHS = NO;
				CLANG_ANALYZER_NONNULL = YES;
				CLANG_ANALYZER_NUMBER_OBJECT_CONVERSION = YES_AGGRESSIVE;
				CLANG_CXX_LANGUAGE_STANDARD = "gnu++0x";
				CLANG_CXX_LIBRARY = "libc++";
				CLANG_ENABLE_MODULES = YES;
				CLANG_ENABLE_OBJC_ARC = YES;
				CLANG_WARN_BOOL_CONVERSION = YES;
				CLANG_WARN_CONSTANT_CONVERSION = YES;
				CLANG_WARN_DIRECT_OBJC_ISA_USAGE = YES_ERROR;
				CLANG_WARN_DOCUMENTATION_COMMENTS = YES;
				CLANG_WARN_EMPTY_BODY = YES;
				CLANG_WARN_ENUM_CONVERSION = YES;
				CLANG_WARN_INFINITE_RECURSION = YES;
				CLANG_WARN_INT_CONVERSION = YES;
				CLANG_WARN_OBJC_ROOT_CLASS = YES_ERROR;
				CLANG_WARN_SUSPICIOUS_MOVE = YES;
				CLANG_WARN_UNREACHABLE_CODE = YES;
				CLANG_WARN__DUPLICATE_METHOD_MATCH = YES;
				"CODE_SIGN_IDENTITY[sdk=iphoneos*]" = "iPhone Developer";
				COPY_PHASE_STRIP = NO;
				DEBUG_INFORMATION_FORMAT = dwarf;
				ENABLE_STRICT_OBJC_MSGSEND = YES;
				ENABLE_TESTABILITY = YES;
				GCC_C_LANGUAGE_STANDARD = gnu99;
				GCC_DYNAMIC_NO_PIC = NO;
				GCC_NO_COMMON_BLOCKS = YES;
				GCC_OPTIMIZATION_LEVEL = 0;
				GCC_PREPROCESSOR_DEFINITIONS = (
					"DEBUG=1",
					"$(inherited)",
				);
				GCC_WARN_64_TO_32_BIT_CONVERSION = YES;
				GCC_WARN_ABOUT_RETURN_TYPE = YES_ERROR;
				GCC_WARN_UNDECLARED_SELECTOR = YES;
				GCC_WARN_UNINITIALIZED_AUTOS = YES_AGGRESSIVE;
				GCC_WARN_UNUSED_FUNCTION = YES;
				GCC_WARN_UNUSED_VARIABLE = YES;
				IPHONEOS_DEPLOYMENT_TARGET = 10.3;
				MTL_ENABLE_DEBUG_INFO = YES;
				ONLY_ACTIVE_ARCH = YES;
				SDKROOT = iphoneos;
				SWIFT_ACTIVE_COMPILATION_CONDITIONS = DEBUG;
				SWIFT_OPTIMIZATION_LEVEL = "-Onone";
			};
			name = Debug;
		};
		142ACD861FAAA64A00397597 /* Release */ = {
			isa = XCBuildConfiguration;
			buildSettings = {
				ALWAYS_SEARCH_USER_PATHS = NO;
				CLANG_ANALYZER_NONNULL = YES;
				CLANG_ANALYZER_NUMBER_OBJECT_CONVERSION = YES_AGGRESSIVE;
				CLANG_CXX_LANGUAGE_STANDARD = "gnu++0x";
				CLANG_CXX_LIBRARY = "libc++";
				CLANG_ENABLE_MODULES = YES;
				CLANG_ENABLE_OBJC_ARC = YES;
				CLANG_WARN_BOOL_CONVERSION = YES;
				CLANG_WARN_CONSTANT_CONVERSION = YES;
				CLANG_WARN_DIRECT_OBJC_ISA_USAGE = YES_ERROR;
				CLANG_WARN_DOCUMENTATION_COMMENTS = YES;
				CLANG_WARN_EMPTY_BODY = YES;
				CLANG_WARN_ENUM_CONVERSION = YES;
				CLANG_WARN_INFINITE_RECURSION = YES;
				CLANG_WARN_INT_CONVERSION = YES;
				CLANG_WARN_OBJC_ROOT_CLASS = YES_ERROR;
				CLANG_WARN_SUSPICIOUS_MOVE = YES;
				CLANG_WARN_UNREACHABLE_CODE = YES;
				CLANG_WARN__DUPLICATE_METHOD_MATCH = YES;
				"CODE_SIGN_IDENTITY[sdk=iphoneos*]" = "iPhone Developer";
				COPY_PHASE_STRIP = NO;
				DEBUG_INFORMATION_FORMAT = "dwarf-with-dsym";
				ENABLE_NS_ASSERTIONS = NO;
				ENABLE_STRICT_OBJC_MSGSEND = YES;
				GCC_C_LANGUAGE_STANDARD = gnu99;
				GCC_NO_COMMON_BLOCKS = YES;
				GCC_WARN_64_TO_32_BIT_CONVERSION = YES;
				GCC_WARN_ABOUT_RETURN_TYPE = YES_ERROR;
				GCC_WARN_UNDECLARED_SELECTOR = YES;
				GCC_WARN_UNINITIALIZED_AUTOS = YES_AGGRESSIVE;
				GCC_WARN_UNUSED_FUNCTION = YES;
				GCC_WARN_UNUSED_VARIABLE = YES;
				IPHONEOS_DEPLOYMENT_TARGET = 10.3;
				MTL_ENABLE_DEBUG_INFO = NO;
				SDKROOT = iphoneos;
				SWIFT_OPTIMIZATION_LEVEL = "-Owholemodule";
				VALIDATE_PRODUCT = YES;
			};
			name = Release;
		};
		142ACD881FAAA64A00397597 /* Debug */ = {
			isa = XCBuildConfiguration;
			buildSettings = {
				ASSETCATALOG_COMPILER_APPICON_NAME = AppIcon;
				INFOPLIST_FILE = busanFF/Info.plist;
				LD_RUNPATH_SEARCH_PATHS = "$(inherited) @executable_path/Frameworks";
				PRODUCT_BUNDLE_IDENTIFIER = "-0.busanFF";
				PRODUCT_NAME = "$(TARGET_NAME)";
				SWIFT_VERSION = 3.0;
			};
			name = Debug;
		};
		142ACD891FAAA64A00397597 /* Release */ = {
			isa = XCBuildConfiguration;
			buildSettings = {
				ASSETCATALOG_COMPILER_APPICON_NAME = AppIcon;
				INFOPLIST_FILE = busanFF/Info.plist;
				LD_RUNPATH_SEARCH_PATHS = "$(inherited) @executable_path/Frameworks";
				PRODUCT_BUNDLE_IDENTIFIER = "-0.busanFF";
				PRODUCT_NAME = "$(TARGET_NAME)";
				SWIFT_VERSION = 3.0;
			};
			name = Release;
		};
		142ACD8B1FAAA64A00397597 /* Debug */ = {
			isa = XCBuildConfiguration;
			buildSettings = {
				ALWAYS_EMBED_SWIFT_STANDARD_LIBRARIES = YES;
				BUNDLE_LOADER = "$(TEST_HOST)";
				INFOPLIST_FILE = busanFFTests/Info.plist;
				LD_RUNPATH_SEARCH_PATHS = "$(inherited) @executable_path/Frameworks @loader_path/Frameworks";
				PRODUCT_BUNDLE_IDENTIFIER = "-0.busanFFTests";
				PRODUCT_NAME = "$(TARGET_NAME)";
				SWIFT_VERSION = 3.0;
				TEST_HOST = "$(BUILT_PRODUCTS_DIR)/busanFF.app/busanFF";
			};
			name = Debug;
		};
		142ACD8C1FAAA64A00397597 /* Release */ = {
			isa = XCBuildConfiguration;
			buildSettings = {
				ALWAYS_EMBED_SWIFT_STANDARD_LIBRARIES = YES;
				BUNDLE_LOADER = "$(TEST_HOST)";
				INFOPLIST_FILE = busanFFTests/Info.plist;
				LD_RUNPATH_SEARCH_PATHS = "$(inherited) @executable_path/Frameworks @loader_path/Frameworks";
				PRODUCT_BUNDLE_IDENTIFIER = "-0.busanFFTests";
				PRODUCT_NAME = "$(TARGET_NAME)";
				SWIFT_VERSION = 3.0;
				TEST_HOST = "$(BUILT_PRODUCTS_DIR)/busanFF.app/busanFF";
			};
			name = Release;
		};
		142ACD8E1FAAA64A00397597 /* Debug */ = {
			isa = XCBuildConfiguration;
			buildSettings = {
				ALWAYS_EMBED_SWIFT_STANDARD_LIBRARIES = YES;
				INFOPLIST_FILE = busanFFUITests/Info.plist;
				LD_RUNPATH_SEARCH_PATHS = "$(inherited) @executable_path/Frameworks @loader_path/Frameworks";
				PRODUCT_BUNDLE_IDENTIFIER = "-0.busanFFUITests";
				PRODUCT_NAME = "$(TARGET_NAME)";
				SWIFT_VERSION = 3.0;
				TEST_TARGET_NAME = busanFF;
			};
			name = Debug;
		};
		142ACD8F1FAAA64A00397597 /* Release */ = {
			isa = XCBuildConfiguration;
			buildSettings = {
				ALWAYS_EMBED_SWIFT_STANDARD_LIBRARIES = YES;
				INFOPLIST_FILE = busanFFUITests/Info.plist;
				LD_RUNPATH_SEARCH_PATHS = "$(inherited) @executable_path/Frameworks @loader_path/Frameworks";
				PRODUCT_BUNDLE_IDENTIFIER = "-0.busanFFUITests";
				PRODUCT_NAME = "$(TARGET_NAME)";
				SWIFT_VERSION = 3.0;
				TEST_TARGET_NAME = busanFF;
			};
			name = Release;
		};
/* End XCBuildConfiguration section */

/* Begin XCConfigurationList section */
		142ACD5A1FAAA64A00397597 /* Build configuration list for PBXProject "busanFF" */ = {
			isa = XCConfigurationList;
			buildConfigurations = (
				142ACD851FAAA64A00397597 /* Debug */,
				142ACD861FAAA64A00397597 /* Release */,
			);
			defaultConfigurationIsVisible = 0;
			defaultConfigurationName = Release;
		};
		142ACD871FAAA64A00397597 /* Build configuration list for PBXNativeTarget "busanFF" */ = {
			isa = XCConfigurationList;
			buildConfigurations = (
				142ACD881FAAA64A00397597 /* Debug */,
				142ACD891FAAA64A00397597 /* Release */,
			);
			defaultConfigurationIsVisible = 0;
		};
		142ACD8A1FAAA64A00397597 /* Build configuration list for PBXNativeTarget "busanFFTests" */ = {
			isa = XCConfigurationList;
			buildConfigurations = (
				142ACD8B1FAAA64A00397597 /* Debug */,
				142ACD8C1FAAA64A00397597 /* Release */,
			);
			defaultConfigurationIsVisible = 0;
		};
		142ACD8D1FAAA64A00397597 /* Build configuration list for PBXNativeTarget "busanFFUITests" */ = {
			isa = XCConfigurationList;
			buildConfigurations = (
				142ACD8E1FAAA64A00397597 /* Debug */,
				142ACD8F1FAAA64A00397597 /* Release */,
			);
			defaultConfigurationIsVisible = 0;
		};
/* End XCConfigurationList section */
	};
	rootObject = 142ACD571FAAA64A00397597 /* Project object */;
}
